// !$*UTF8*$!
{
	archiveVersion = 1;
	classes = {
	};
	objectVersion = 46;
	objects = {

/* Begin PBXBuildFile section */
		CBDFDABB1426993D00EE8310 /* main.cpp in Sources */ = {isa = PBXBuildFile; fileRef = CBDFDABA1426993D00EE8310 /* main.cpp */; };
		CBF2C6C5142867B600321B26 /* fib.cpp in Sources */ = {isa = PBXBuildFile; fileRef = CBF2C6C4142867B600321B26 /* fib.cpp */; };
		CBF2C6D01428C19900321B26 /* jobqueue.cpp in Sources */ = {isa = PBXBuildFile; fileRef = CBF2C6CF1428C19900321B26 /* jobqueue.cpp */; };
/* End PBXBuildFile section */

/* Begin PBXCopyFilesBuildPhase section */
		CBDFDAB41426993D00EE8310 /* CopyFiles */ = {
			isa = PBXCopyFilesBuildPhase;
			buildActionMask = 2147483647;
			dstPath = /usr/share/man/man1/;
			dstSubfolderSpec = 0;
			files = (
			);
			runOnlyForDeploymentPostprocessing = 1;
		};
/* End PBXCopyFilesBuildPhase section */

/* Begin PBXFileReference section */
		CBDFDAB61426993D00EE8310 /* boosttest */ = {isa = PBXFileReference; explicitFileType = "compiled.mach-o.executable"; includeInIndex = 0; path = boosttest; sourceTree = BUILT_PRODUCTS_DIR; };
		CBDFDABA1426993D00EE8310 /* main.cpp */ = {isa = PBXFileReference; lastKnownFileType = sourcecode.cpp.cpp; path = main.cpp; sourceTree = "<group>"; };
		CBDFDABC1426993D00EE8310 /* boosttest.1 */ = {isa = PBXFileReference; lastKnownFileType = text.man; path = boosttest.1; sourceTree = "<group>"; };
		CBF2C6C11428671C00321B26 /* worker.h */ = {isa = PBXFileReference; fileEncoding = 4; lastKnownFileType = sourcecode.c.h; path = worker.h; sourceTree = "<group>"; };
		CBF2C6C31428678C00321B26 /* fib.h */ = {isa = PBXFileReference; fileEncoding = 4; lastKnownFileType = sourcecode.c.h; path = fib.h; sourceTree = "<group>"; };
		CBF2C6C4142867B600321B26 /* fib.cpp */ = {isa = PBXFileReference; fileEncoding = 4; lastKnownFileType = sourcecode.cpp.cpp; path = fib.cpp; sourceTree = "<group>"; };
		CBF2C6C614286A0C00321B26 /* jobqueue.h */ = {isa = PBXFileReference; fileEncoding = 4; lastKnownFileType = sourcecode.c.h; path = jobqueue.h; sourceTree = "<group>"; };
		CBF2C6CF1428C19900321B26 /* jobqueue.cpp */ = {isa = PBXFileReference; fileEncoding = 4; lastKnownFileType = sourcecode.cpp.cpp; path = jobqueue.cpp; sourceTree = "<group>"; };
/* End PBXFileReference section */

/* Begin PBXFrameworksBuildPhase section */
		CBDFDAB31426993D00EE8310 /* Frameworks */ = {
			isa = PBXFrameworksBuildPhase;
			buildActionMask = 2147483647;
			files = (
			);
			runOnlyForDeploymentPostprocessing = 0;
		};
/* End PBXFrameworksBuildPhase section */

/* Begin PBXGroup section */
		CBDFDAAB1426993D00EE8310 = {
			isa = PBXGroup;
			children = (
				CBDFDAB91426993D00EE8310 /* boosttest */,
				CBDFDAB71426993D00EE8310 /* Products */,
			);
			sourceTree = "<group>";
		};
		CBDFDAB71426993D00EE8310 /* Products */ = {
			isa = PBXGroup;
			children = (
				CBDFDAB61426993D00EE8310 /* boosttest */,
			);
			name = Products;
			sourceTree = "<group>";
		};
		CBDFDAB91426993D00EE8310 /* boosttest */ = {
			isa = PBXGroup;
			children = (
				CBDFDABA1426993D00EE8310 /* main.cpp */,
				CBDFDABC1426993D00EE8310 /* boosttest.1 */,
				CBF2C6C11428671C00321B26 /* worker.h */,
				CBF2C6C31428678C00321B26 /* fib.h */,
				CBF2C6C4142867B600321B26 /* fib.cpp */,
				CBF2C6C614286A0C00321B26 /* jobqueue.h */,
				CBF2C6CF1428C19900321B26 /* jobqueue.cpp */,
			);
			path = boosttest;
			sourceTree = "<group>";
		};
/* End PBXGroup section */

/* Begin PBXNativeTarget section */
		CBDFDAB51426993D00EE8310 /* boosttest */ = {
			isa = PBXNativeTarget;
			buildConfigurationList = CBDFDABF1426993D00EE8310 /* Build configuration list for PBXNativeTarget "boosttest" */;
			buildPhases = (
				CBDFDAB21426993D00EE8310 /* Sources */,
				CBDFDAB31426993D00EE8310 /* Frameworks */,
				CBDFDAB41426993D00EE8310 /* CopyFiles */,
			);
			buildRules = (
			);
			dependencies = (
			);
			name = boosttest;
			productName = boosttest;
			productReference = CBDFDAB61426993D00EE8310 /* boosttest */;
			productType = "com.apple.product-type.tool";
		};
/* End PBXNativeTarget section */

/* Begin PBXProject section */
		CBDFDAAD1426993D00EE8310 /* Project object */ = {
			isa = PBXProject;
			buildConfigurationList = CBDFDAB01426993D00EE8310 /* Build configuration list for PBXProject "boosttest" */;
			compatibilityVersion = "Xcode 3.2";
			developmentRegion = English;
			hasScannedForEncodings = 0;
			knownRegions = (
				en,
			);
			mainGroup = CBDFDAAB1426993D00EE8310;
			productRefGroup = CBDFDAB71426993D00EE8310 /* Products */;
			projectDirPath = "";
			projectRoot = "";
			targets = (
				CBDFDAB51426993D00EE8310 /* boosttest */,
			);
		};
/* End PBXProject section */

/* Begin PBXSourcesBuildPhase section */
		CBDFDAB21426993D00EE8310 /* Sources */ = {
			isa = PBXSourcesBuildPhase;
			buildActionMask = 2147483647;
			files = (
				CBDFDABB1426993D00EE8310 /* main.cpp in Sources */,
				CBF2C6C5142867B600321B26 /* fib.cpp in Sources */,
				CBF2C6D01428C19900321B26 /* jobqueue.cpp in Sources */,
			);
			runOnlyForDeploymentPostprocessing = 0;
		};
/* End PBXSourcesBuildPhase section */

/* Begin XCBuildConfiguration section */
		CBDFDABD1426993D00EE8310 /* Debug */ = {
			isa = XCBuildConfiguration;
			buildSettings = {
				ARCHS = "$(ARCHS_STANDARD_32_64_BIT)";
				GCC_C_LANGUAGE_STANDARD = gnu99;
				GCC_OPTIMIZATION_LEVEL = 0;
				GCC_PREPROCESSOR_DEFINITIONS = DEBUG;
				GCC_SYMBOLS_PRIVATE_EXTERN = NO;
				GCC_VERSION = com.apple.compilers.llvm.clang.1_0;
				GCC_WARN_64_TO_32_BIT_CONVERSION = NO;
				GCC_WARN_ABOUT_RETURN_TYPE = YES;
				GCC_WARN_UNUSED_VARIABLE = YES;
				HEADER_SEARCH_PATHS = "";
				LIBRARY_SEARCH_PATHS = /opt/local/lib;
				MACOSX_DEPLOYMENT_TARGET = 10.6;
				ONLY_ACTIVE_ARCH = YES;
				SCAN_ALL_SOURCE_FILES_FOR_INCLUDES = YES;
				SDKROOT = macosx;
				USER_HEADER_SEARCH_PATHS = /opt/local/include;
			};
			name = Debug;
		};
		CBDFDABE1426993D00EE8310 /* Release */ = {
			isa = XCBuildConfiguration;
			buildSettings = {
				ARCHS = "$(ARCHS_STANDARD_32_64_BIT)";
				GCC_C_LANGUAGE_STANDARD = gnu99;
				GCC_VERSION = com.apple.compilers.llvm.clang.1_0;
				GCC_WARN_64_TO_32_BIT_CONVERSION = NO;
				GCC_WARN_ABOUT_RETURN_TYPE = YES;
				GCC_WARN_UNUSED_VARIABLE = YES;
				HEADER_SEARCH_PATHS = "";
				LIBRARY_SEARCH_PATHS = /opt/local/lib;
				MACOSX_DEPLOYMENT_TARGET = 10.6;
				SCAN_ALL_SOURCE_FILES_FOR_INCLUDES = YES;
				SDKROOT = macosx;
				USER_HEADER_SEARCH_PATHS = /opt/local/include;
			};
			name = Release;
		};
		CBDFDAC01426993D00EE8310 /* Debug */ = {
			isa = XCBuildConfiguration;
			buildSettings = {
				ALWAYS_SEARCH_USER_PATHS = NO;
				COPY_PHASE_STRIP = NO;
				GCC_DYNAMIC_NO_PIC = NO;
				GCC_ENABLE_OBJC_EXCEPTIONS = YES;
				HEADER_SEARCH_PATHS = /opt/local/include;
				LD_DYLIB_INSTALL_NAME = "";
				LD_RUNPATH_SEARCH_PATHS = /opt/local/lib;
				MACOSX_DEPLOYMENT_TARGET = 10.5;
				OTHER_LDFLAGS = "-lboost_thread-mt";
				PRODUCT_NAME = "$(TARGET_NAME)";
			};
			name = Debug;
		};
		CBDFDAC11426993D00EE8310 /* Release */ = {
			isa = XCBuildConfiguration;
			buildSettings = {
				ALWAYS_SEARCH_USER_PATHS = NO;
				COPY_PHASE_STRIP = YES;
				DEBUG_INFORMATION_FORMAT = "dwarf-with-dsym";
				GCC_ENABLE_OBJC_EXCEPTIONS = YES;
				HEADER_SEARCH_PATHS = /opt/local/include;
				LD_DYLIB_INSTALL_NAME = "";
				LD_RUNPATH_SEARCH_PATHS = /opt/local/lib;
				MACOSX_DEPLOYMENT_TARGET = 10.5;
				OTHER_LDFLAGS = "-lboost_thread-mt";
				PRODUCT_NAME = "$(TARGET_NAME)";
			};
			name = Release;
		};
/* End XCBuildConfiguration section */

/* Begin XCConfigurationList section */
		CBDFDAB01426993D00EE8310 /* Build configuration list for PBXProject "boosttest" */ = {
			isa = XCConfigurationList;
			buildConfigurations = (
				CBDFDABD1426993D00EE8310 /* Debug */,
				CBDFDABE1426993D00EE8310 /* Release */,
			);
			defaultConfigurationIsVisible = 0;
			defaultConfigurationName = Release;
		};
		CBDFDABF1426993D00EE8310 /* Build configuration list for PBXNativeTarget "boosttest" */ = {
			isa = XCConfigurationList;
			buildConfigurations = (
				CBDFDAC01426993D00EE8310 /* Debug */,
				CBDFDAC11426993D00EE8310 /* Release */,
			);
			defaultConfigurationIsVisible = 0;
			defaultConfigurationName = Release;
		};
/* End XCConfigurationList section */
	};
	rootObject = CBDFDAAD1426993D00EE8310 /* Project object */;
}
